
Microsoft Visual Studio Solution File, Format Version 12.00
# Visual Studio 15
VisualStudioVersion = 15.0.28307.902
MinimumVisualStudioVersion = 10.0.40219.1
Project("{FAE04EC0-301F-11D3-BF4B-00C04F79EFBC}") = "DPS-Activity-2_Calculator", "DPS-Activity-2_Calculator\DPS-Activity-2_Calculator.csproj", "{43831899-6A15-47FA-AD32-715C2F716D89}"
EndProject
Global
	GlobalSection(SolutionConfigurationPlatforms) = preSolution
		Debug|Any CPU = Debug|Any CPU
		Release|Any CPU = Release|Any CPU
	EndGlobalSection
	GlobalSection(ProjectConfigurationPlatforms) = postSolution
		{43831899-6A15-47FA-AD32-715C2F716D89}.Debug|Any CPU.ActiveCfg = Debug|Any CPU
		{43831899-6A15-47FA-AD32-715C2F716D89}.Debug|Any CPU.Build.0 = Debug|Any CPU
		{43831899-6A15-47FA-AD32-715C2F716D89}.Release|Any CPU.ActiveCfg = Release|Any CPU
		{43831899-6A15-47FA-AD32-715C2F716D89}.Release|Any CPU.Build.0 = Release|Any CPU
	EndGlobalSection
	GlobalSection(SolutionProperties) = preSolution
		HideSolutionNode = FALSE
	EndGlobalSection
	GlobalSection(ExtensibilityGlobals) = postSolution
		SolutionGuid = {FCA2D004-3DC5-4707-9DDC-602A416BCB7A}
	EndGlobalSection
EndGlobal
